
Microsoft Visual Studio Solution File, Format Version 12.00
# Visual Studio 15
VisualStudioVersion = 15.0.28307.757
MinimumVisualStudioVersion = 10.0.40219.1
Project("{FAE04EC0-301F-11D3-BF4B-00C04F79EFBC}") = "HelsiProgramm", "HelsiProgramm\HelsiProgramm.csproj", "{91E90C33-67D8-4D92-95D6-DB5E2150DB8A}"
EndProject
Project("{FAE04EC0-301F-11D3-BF4B-00C04F79EFBC}") = "ServiceDLL", "ServiceDLL\ServiceDLL.csproj", "{2E51B911-2B06-446A-90BE-EC77A5DD0F0E}"
EndProject
Global
	GlobalSection(SolutionConfigurationPlatforms) = preSolution
		Debug|Any CPU = Debug|Any CPU
		Release|Any CPU = Release|Any CPU
	EndGlobalSection
	GlobalSection(ProjectConfigurationPlatforms) = postSolution
		{91E90C33-67D8-4D92-95D6-DB5E2150DB8A}.Debug|Any CPU.ActiveCfg = Debug|Any CPU
		{91E90C33-67D8-4D92-95D6-DB5E2150DB8A}.Debug|Any CPU.Build.0 = Debug|Any CPU
		{91E90C33-67D8-4D92-95D6-DB5E2150DB8A}.Release|Any CPU.ActiveCfg = Release|Any CPU
		{91E90C33-67D8-4D92-95D6-DB5E2150DB8A}.Release|Any CPU.Build.0 = Release|Any CPU
		{2E51B911-2B06-446A-90BE-EC77A5DD0F0E}.Debug|Any CPU.ActiveCfg = Debug|Any CPU
		{2E51B911-2B06-446A-90BE-EC77A5DD0F0E}.Debug|Any CPU.Build.0 = Debug|Any CPU
		{2E51B911-2B06-446A-90BE-EC77A5DD0F0E}.Release|Any CPU.ActiveCfg = Release|Any CPU
		{2E51B911-2B06-446A-90BE-EC77A5DD0F0E}.Release|Any CPU.Build.0 = Release|Any CPU
	EndGlobalSection
	GlobalSection(SolutionProperties) = preSolution
		HideSolutionNode = FALSE
	EndGlobalSection
	GlobalSection(ExtensibilityGlobals) = postSolution
		SolutionGuid = {5B5EC5D9-DC5D-4BAD-B60A-FE7EDC68F632}
	EndGlobalSection
EndGlobal
