
Microsoft Visual Studio Solution File, Format Version 12.00
# Visual Studio 15
VisualStudioVersion = 15.0.28307.757
MinimumVisualStudioVersion = 10.0.40219.1
Project("{FAE04EC0-301F-11D3-BF4B-00C04F79EFBC}") = "WebHelsi", "WebHelsi\WebHelsi.csproj", "{92B04B3F-A730-4071-B514-2CFAD31C0FCD}"
EndProject
Global
	GlobalSection(SolutionConfigurationPlatforms) = preSolution
		Debug|Any CPU = Debug|Any CPU
		Release|Any CPU = Release|Any CPU
	EndGlobalSection
	GlobalSection(ProjectConfigurationPlatforms) = postSolution
		{92B04B3F-A730-4071-B514-2CFAD31C0FCD}.Debug|Any CPU.ActiveCfg = Debug|Any CPU
		{92B04B3F-A730-4071-B514-2CFAD31C0FCD}.Debug|Any CPU.Build.0 = Debug|Any CPU
		{92B04B3F-A730-4071-B514-2CFAD31C0FCD}.Release|Any CPU.ActiveCfg = Release|Any CPU
		{92B04B3F-A730-4071-B514-2CFAD31C0FCD}.Release|Any CPU.Build.0 = Release|Any CPU
	EndGlobalSection
	GlobalSection(SolutionProperties) = preSolution
		HideSolutionNode = FALSE
	EndGlobalSection
	GlobalSection(ExtensibilityGlobals) = postSolution
		SolutionGuid = {4D4BE30A-9F78-44B9-B192-4DD78D8F6672}
	EndGlobalSection
EndGlobal
